
Microsoft Visual Studio Solution File, Format Version 12.00
# Visual Studio Version 17
VisualStudioVersion = 17.14.36915.13 d17.14
MinimumVisualStudioVersion = 10.0.40219.1
Project("{2150E333-8FDC-42A3-9474-1A3956D46DE8}") = "Dmtp", "Dmtp", "{BF701694-E1CE-4FD1-97BA-DA832F6F3D45}"
EndProject
Project("{2150E333-8FDC-42A3-9474-1A3956D46DE8}") = "DmtpRpc", "DmtpRpc", "{63EE2247-0A5B-47F9-B8AA-AED5BC8FC873}"
EndProject
Project("{2150E333-8FDC-42A3-9474-1A3956D46DE8}") = "控制台", "控制台", "{56D66384-8CA7-4EFC-9F41-F9EE7E445578}"
EndProject
Project("{9A19103F-16F7-4668-BE54-9A1E7A4F7556}") = "ServiceB", "Dmtp\DmtpRpcServerConsoleApp\ServiceB.csproj", "{31461239-7C3E-4C19-A558-BE59F9384572}"
EndProject
Project("{9A19103F-16F7-4668-BE54-9A1E7A4F7556}") = "ClientA", "Dmtp\DmtpRpcClientConsoleApp\ClientA.csproj", "{473ED8CE-CD62-431B-BCB9-AD23B370EB06}"
EndProject
Project("{2150E333-8FDC-42A3-9474-1A3956D46DE8}") = ".Solutions", ".Solutions", "{043D35EB-9819-4E9A-BDC7-2974A122195D}"
	ProjectSection(SolutionItems) = preProject
		Directory.Build.props = Directory.Build.props
		Directory.Packages.props = Directory.Packages.props
	EndProjectSection
EndProject
Project("{FAE04EC0-301F-11D3-BF4B-00C04F79EFBC}") = "ClientC", "Dmtp\ClientC\ClientC.csproj", "{3D47E170-1946-4FA2-A589-1072653D5949}"
EndProject
Global
	GlobalSection(SolutionConfigurationPlatforms) = preSolution
		Debug|Any CPU = Debug|Any CPU
		Release|Any CPU = Release|Any CPU
	EndGlobalSection
	GlobalSection(ProjectConfigurationPlatforms) = postSolution
		{31461239-7C3E-4C19-A558-BE59F9384572}.Debug|Any CPU.ActiveCfg = Debug|Any CPU
		{31461239-7C3E-4C19-A558-BE59F9384572}.Debug|Any CPU.Build.0 = Debug|Any CPU
		{31461239-7C3E-4C19-A558-BE59F9384572}.Release|Any CPU.ActiveCfg = Release|Any CPU
		{31461239-7C3E-4C19-A558-BE59F9384572}.Release|Any CPU.Build.0 = Release|Any CPU
		{473ED8CE-CD62-431B-BCB9-AD23B370EB06}.Debug|Any CPU.ActiveCfg = Debug|Any CPU
		{473ED8CE-CD62-431B-BCB9-AD23B370EB06}.Debug|Any CPU.Build.0 = Debug|Any CPU
		{473ED8CE-CD62-431B-BCB9-AD23B370EB06}.Release|Any CPU.ActiveCfg = Release|Any CPU
		{473ED8CE-CD62-431B-BCB9-AD23B370EB06}.Release|Any CPU.Build.0 = Release|Any CPU
		{3D47E170-1946-4FA2-A589-1072653D5949}.Debug|Any CPU.ActiveCfg = Debug|Any CPU
		{3D47E170-1946-4FA2-A589-1072653D5949}.Debug|Any CPU.Build.0 = Debug|Any CPU
		{3D47E170-1946-4FA2-A589-1072653D5949}.Release|Any CPU.ActiveCfg = Release|Any CPU
		{3D47E170-1946-4FA2-A589-1072653D5949}.Release|Any CPU.Build.0 = Release|Any CPU
	EndGlobalSection
	GlobalSection(SolutionProperties) = preSolution
		HideSolutionNode = FALSE
	EndGlobalSection
	GlobalSection(NestedProjects) = preSolution
		{63EE2247-0A5B-47F9-B8AA-AED5BC8FC873} = {BF701694-E1CE-4FD1-97BA-DA832F6F3D45}
		{56D66384-8CA7-4EFC-9F41-F9EE7E445578} = {63EE2247-0A5B-47F9-B8AA-AED5BC8FC873}
		{31461239-7C3E-4C19-A558-BE59F9384572} = {56D66384-8CA7-4EFC-9F41-F9EE7E445578}
		{473ED8CE-CD62-431B-BCB9-AD23B370EB06} = {56D66384-8CA7-4EFC-9F41-F9EE7E445578}
		{3D47E170-1946-4FA2-A589-1072653D5949} = {56D66384-8CA7-4EFC-9F41-F9EE7E445578}
	EndGlobalSection
	GlobalSection(ExtensibilityGlobals) = postSolution
		SolutionGuid = {DB787235-A13A-4A3D-B5A8-5DFEB6511EEE}
	EndGlobalSection
EndGlobal
